{
  "name": "neartec-master-2026-v3-full-rebuild",
  "version": "3.0.0",
  "lockfileVersion": 3,
  "requires": true,
  "packages": {
    "": {
      "name": "neartec-master-2026-v3-full-rebuild",
      "version": "3.0.0",
      "devDependencies": {},
      "engines": {
        "node": "20.x"
      }
    }
  }
}
