{
  "name": "neartec-master-2026-compatible",
  "version": "1.0.1",
  "lockfileVersion": 3,
  "requires": true,
  "packages": {
    "": {
      "name": "neartec-master-2026-compatible",
      "version": "1.0.1",
      "devDependencies": {},
      "engines": {
        "node": "20.x"
      }
    }
  }
}
