{
  "name": "neartec-master-2026-v2-complete",
  "version": "2.0.0",
  "lockfileVersion": 3,
  "requires": true,
  "packages": {
    "": {
      "name": "neartec-master-2026-v2-complete",
      "version": "2.0.0",
      "devDependencies": {},
      "engines": {
        "node": "20.x"
      }
    }
  }
}
